
Microsoft Visual Studio Solution File, Format Version 12.00
# Visual Studio Version 16
VisualStudioVersion = 16.0.30517.126
MinimumVisualStudioVersion = 10.0.40219.1
Project("{FAE04EC0-301F-11D3-BF4B-00C04F79EFBC}") = "21point", "21point\21point.csproj", "{797ECDBD-971D-4979-807E-01BA0FF088C4}"
EndProject
Global
	GlobalSection(SolutionConfigurationPlatforms) = preSolution
		Debug|Any CPU = Debug|Any CPU
		Release|Any CPU = Release|Any CPU
	EndGlobalSection
	GlobalSection(ProjectConfigurationPlatforms) = postSolution
		{797ECDBD-971D-4979-807E-01BA0FF088C4}.Debug|Any CPU.ActiveCfg = Debug|Any CPU
		{797ECDBD-971D-4979-807E-01BA0FF088C4}.Debug|Any CPU.Build.0 = Debug|Any CPU
		{797ECDBD-971D-4979-807E-01BA0FF088C4}.Release|Any CPU.ActiveCfg = Release|Any CPU
		{797ECDBD-971D-4979-807E-01BA0FF088C4}.Release|Any CPU.Build.0 = Release|Any CPU
	EndGlobalSection
	GlobalSection(SolutionProperties) = preSolution
		HideSolutionNode = FALSE
	EndGlobalSection
	GlobalSection(ExtensibilityGlobals) = postSolution
		SolutionGuid = {85677E87-7E2B-49EC-B40C-F908DFC82474}
	EndGlobalSection
EndGlobal
